
Microsoft Visual Studio Solution File, Format Version 12.00
# Visual Studio Version 17
VisualStudioVersion = 17.5.33530.505
MinimumVisualStudioVersion = 10.0.40219.1
Project("{FAE04EC0-301F-11D3-BF4B-00C04F79EFBC}") = "buttonlar_kobeybersin", "buttonlar_kobeybersin\buttonlar_kobeybersin.csproj", "{88B1DE49-85DE-40F4-A9A7-18587B067CBA}"
EndProject
Global
	GlobalSection(SolutionConfigurationPlatforms) = preSolution
		Debug|Any CPU = Debug|Any CPU
		Release|Any CPU = Release|Any CPU
	EndGlobalSection
	GlobalSection(ProjectConfigurationPlatforms) = postSolution
		{88B1DE49-85DE-40F4-A9A7-18587B067CBA}.Debug|Any CPU.ActiveCfg = Debug|Any CPU
		{88B1DE49-85DE-40F4-A9A7-18587B067CBA}.Debug|Any CPU.Build.0 = Debug|Any CPU
		{88B1DE49-85DE-40F4-A9A7-18587B067CBA}.Release|Any CPU.ActiveCfg = Release|Any CPU
		{88B1DE49-85DE-40F4-A9A7-18587B067CBA}.Release|Any CPU.Build.0 = Release|Any CPU
	EndGlobalSection
	GlobalSection(SolutionProperties) = preSolution
		HideSolutionNode = FALSE
	EndGlobalSection
	GlobalSection(ExtensibilityGlobals) = postSolution
		SolutionGuid = {696943F0-C087-40D1-81CF-4DFD88D20043}
	EndGlobalSection
EndGlobal
